
Microsoft Visual Studio Solution File, Format Version 12.00
# Visual Studio 15
VisualStudioVersion = 15.0.28307.1684
MinimumVisualStudioVersion = 10.0.40219.1
Project("{FAE04EC0-301F-11D3-BF4B-00C04F79EFBC}") = "TEFAPI", "TEFAPI\TEFAPI.csproj", "{D161940D-6E64-49F3-9E1C-11F4A5E43932}"
EndProject
Global
	GlobalSection(SolutionConfigurationPlatforms) = preSolution
		Debug|Any CPU = Debug|Any CPU
		Debug|x86 = Debug|x86
		Release|Any CPU = Release|Any CPU
		Release|x86 = Release|x86
	EndGlobalSection
	GlobalSection(ProjectConfigurationPlatforms) = postSolution
		{D161940D-6E64-49F3-9E1C-11F4A5E43932}.Debug|Any CPU.ActiveCfg = Debug|Any CPU
		{D161940D-6E64-49F3-9E1C-11F4A5E43932}.Debug|Any CPU.Build.0 = Debug|Any CPU
		{D161940D-6E64-49F3-9E1C-11F4A5E43932}.Debug|x86.ActiveCfg = Debug|x86
		{D161940D-6E64-49F3-9E1C-11F4A5E43932}.Debug|x86.Build.0 = Debug|x86
		{D161940D-6E64-49F3-9E1C-11F4A5E43932}.Release|Any CPU.ActiveCfg = Release|Any CPU
		{D161940D-6E64-49F3-9E1C-11F4A5E43932}.Release|Any CPU.Build.0 = Release|Any CPU
		{D161940D-6E64-49F3-9E1C-11F4A5E43932}.Release|x86.ActiveCfg = Release|x86
		{D161940D-6E64-49F3-9E1C-11F4A5E43932}.Release|x86.Build.0 = Release|x86
	EndGlobalSection
	GlobalSection(SolutionProperties) = preSolution
		HideSolutionNode = FALSE
	EndGlobalSection
	GlobalSection(ExtensibilityGlobals) = postSolution
		SolutionGuid = {F1FC12FC-ECF1-49F0-837C-5680F93D5722}
	EndGlobalSection
EndGlobal
